PODS:
  - AndesUI (3.19.0):
    - AndesUI/AndesBottomSheet (= 3.19.0)
    - AndesUI/AndesDropdown (= 3.19.0)
    - AndesUI/Core (= 3.19.0)
    - AndesUI/LocalIcons (= 3.19.0)
  - AndesUI/AndesBottomSheet (3.19.0):
    - AndesUI/Core
  - AndesUI/AndesDropdown (3.19.0):
    - AndesUI/AndesBottomSheet
    - AndesUI/Core
  - AndesUI/Core (3.19.0):
    - AndesUI/LocalIcons
  - AndesUI/LocalIcons (3.19.0)

DEPENDENCIES:
  - AndesUI (from `AndesUI.podspec`)

EXTERNAL SOURCES:
  AndesUI:
    :podspec: AndesUI.podspec

SPEC CHECKSUMS:
  AndesUI: b0322327c49de82553bd2884c564e16c7056a6f0

PODFILE CHECKSUM: 5f321438468700724d4133acc8ed2eac6e672a26

COCOAPODS: 1.8.4
